
Microsoft Visual Studio Solution File, Format Version 12.00
# Visual Studio 2013
VisualStudioVersion = 12.0.40629.0
MinimumVisualStudioVersion = 10.0.40219.1
Project("{FAE04EC0-301F-11D3-BF4B-00C04F79EFBC}") = "FaceRecognitionTester", "FaceRecognitionTester\FaceRecognitionTester.csproj", "{54DE1875-F205-41B8-BC59-76EF24D70B30}"
EndProject
Project("{FAE04EC0-301F-11D3-BF4B-00C04F79EFBC}") = "SmartMirror.FaceRecognition.Core", "SmartMirror.FaceRecognition.Core\SmartMirror.FaceRecognition.Core.csproj", "{E55088DA-DFFE-4C7C-8C85-DF213AE1412D}"
EndProject
Project("{FAE04EC0-301F-11D3-BF4B-00C04F79EFBC}") = "FaceRecognitionGUITester", "FaceRecognitionGUITester\FaceRecognitionGUITester.csproj", "{26DB7DC0-1DA2-4F94-9B21-CC3C9FE60C29}"
EndProject
Project("{FAE04EC0-301F-11D3-BF4B-00C04F79EFBC}") = "FaceRecognitionModelTrainer", "FaceRecognitionModelTrainer\FaceRecognitionModelTrainer.csproj", "{22740AF4-5C17-444C-8D1D-F54E6EE58C34}"
EndProject
Global
	GlobalSection(SolutionConfigurationPlatforms) = preSolution
		Debug|Any CPU = Debug|Any CPU
		Release|Any CPU = Release|Any CPU
	EndGlobalSection
	GlobalSection(ProjectConfigurationPlatforms) = postSolution
		{54DE1875-F205-41B8-BC59-76EF24D70B30}.Debug|Any CPU.ActiveCfg = Debug|Any CPU
		{54DE1875-F205-41B8-BC59-76EF24D70B30}.Debug|Any CPU.Build.0 = Debug|Any CPU
		{54DE1875-F205-41B8-BC59-76EF24D70B30}.Release|Any CPU.ActiveCfg = Release|Any CPU
		{54DE1875-F205-41B8-BC59-76EF24D70B30}.Release|Any CPU.Build.0 = Release|Any CPU
		{E55088DA-DFFE-4C7C-8C85-DF213AE1412D}.Debug|Any CPU.ActiveCfg = Debug|Any CPU
		{E55088DA-DFFE-4C7C-8C85-DF213AE1412D}.Debug|Any CPU.Build.0 = Debug|Any CPU
		{E55088DA-DFFE-4C7C-8C85-DF213AE1412D}.Release|Any CPU.ActiveCfg = Release|Any CPU
		{E55088DA-DFFE-4C7C-8C85-DF213AE1412D}.Release|Any CPU.Build.0 = Release|Any CPU
		{26DB7DC0-1DA2-4F94-9B21-CC3C9FE60C29}.Debug|Any CPU.ActiveCfg = Debug|Any CPU
		{26DB7DC0-1DA2-4F94-9B21-CC3C9FE60C29}.Debug|Any CPU.Build.0 = Debug|Any CPU
		{26DB7DC0-1DA2-4F94-9B21-CC3C9FE60C29}.Release|Any CPU.ActiveCfg = Release|Any CPU
		{26DB7DC0-1DA2-4F94-9B21-CC3C9FE60C29}.Release|Any CPU.Build.0 = Release|Any CPU
		{22740AF4-5C17-444C-8D1D-F54E6EE58C34}.Debug|Any CPU.ActiveCfg = Debug|Any CPU
		{22740AF4-5C17-444C-8D1D-F54E6EE58C34}.Debug|Any CPU.Build.0 = Debug|Any CPU
		{22740AF4-5C17-444C-8D1D-F54E6EE58C34}.Release|Any CPU.ActiveCfg = Release|Any CPU
		{22740AF4-5C17-444C-8D1D-F54E6EE58C34}.Release|Any CPU.Build.0 = Release|Any CPU
	EndGlobalSection
	GlobalSection(SolutionProperties) = preSolution
		HideSolutionNode = FALSE
	EndGlobalSection
EndGlobal
